
Microsoft Visual Studio Solution File, Format Version 12.00
# Visual Studio Version 17
VisualStudioVersion = 17.13.36105.23 d17.13
MinimumVisualStudioVersion = 10.0.40219.1
Project("{FAE04EC0-301F-11D3-BF4B-00C04F79EFBC}") = "schooladmin", "schooladmin\schooladmin.csproj", "{72507878-8884-45C5-88EC-1BAE70A909FE}"
EndProject
Global
	GlobalSection(SolutionConfigurationPlatforms) = preSolution
		Debug|Any CPU = Debug|Any CPU
		Release|Any CPU = Release|Any CPU
	EndGlobalSection
	GlobalSection(ProjectConfigurationPlatforms) = postSolution
		{72507878-8884-45C5-88EC-1BAE70A909FE}.Debug|Any CPU.ActiveCfg = Debug|Any CPU
		{72507878-8884-45C5-88EC-1BAE70A909FE}.Debug|Any CPU.Build.0 = Debug|Any CPU
		{72507878-8884-45C5-88EC-1BAE70A909FE}.Release|Any CPU.ActiveCfg = Release|Any CPU
		{72507878-8884-45C5-88EC-1BAE70A909FE}.Release|Any CPU.Build.0 = Release|Any CPU
	EndGlobalSection
	GlobalSection(SolutionProperties) = preSolution
		HideSolutionNode = FALSE
	EndGlobalSection
	GlobalSection(ExtensibilityGlobals) = postSolution
		SolutionGuid = {58A1E4FE-B7D7-47A5-A2E0-2685F3EB4C5F}
	EndGlobalSection
EndGlobal
